
Microsoft Visual Studio Solution File, Format Version 12.00
# Visual Studio 14
VisualStudioVersion = 14.0.24720.0
MinimumVisualStudioVersion = 10.0.40219.1
Project("{2150E333-8FDC-42A3-9474-1A3956D46DE8}") = "0 - Presentation", "0 - Presentation", "{00110C83-D5F3-4469-BDBE-6C4762E2E70A}"
EndProject
Project("{FAE04EC0-301F-11D3-BF4B-00C04F79EFBC}") = "Skills_Assessment.SPA", "Skills_Assessment.SPA\Skills_Assessment.SPA.csproj", "{9AAF6CD5-BAA7-4A63-BBC6-5CD5E2E797C0}"
EndProject
Global
	GlobalSection(SolutionConfigurationPlatforms) = preSolution
		Debug|Any CPU = Debug|Any CPU
		Release|Any CPU = Release|Any CPU
	EndGlobalSection
	GlobalSection(ProjectConfigurationPlatforms) = postSolution
		{9AAF6CD5-BAA7-4A63-BBC6-5CD5E2E797C0}.Debug|Any CPU.ActiveCfg = Debug|Any CPU
		{9AAF6CD5-BAA7-4A63-BBC6-5CD5E2E797C0}.Debug|Any CPU.Build.0 = Debug|Any CPU
		{9AAF6CD5-BAA7-4A63-BBC6-5CD5E2E797C0}.Release|Any CPU.ActiveCfg = Release|Any CPU
		{9AAF6CD5-BAA7-4A63-BBC6-5CD5E2E797C0}.Release|Any CPU.Build.0 = Release|Any CPU
	EndGlobalSection
	GlobalSection(SolutionProperties) = preSolution
		HideSolutionNode = FALSE
	EndGlobalSection
	GlobalSection(NestedProjects) = preSolution
		{9AAF6CD5-BAA7-4A63-BBC6-5CD5E2E797C0} = {00110C83-D5F3-4469-BDBE-6C4762E2E70A}
	EndGlobalSection
EndGlobal
